// !$*UTF8*$!
{
	archiveVersion = 1;
	classes = {
	};
	objectVersion = 56;
	objects = {

/* Begin PBXBuildFile section */
		3D3AD8E62B27026500AB4968 /* ScheduleNestedView.swift in Sources */ = {isa = PBXBuildFile; fileRef = 3D3AD8E52B27026500AB4968 /* ScheduleNestedView.swift */; };
		3D3AD8E82B27057600AB4968 /* Schedule.swift in Sources */ = {isa = PBXBuildFile; fileRef = 3D3AD8E72B27057600AB4968 /* Schedule.swift */; };
		3D3AD8EA2B27156E00AB4968 /* ScheduleNestedCollectionViewCell.swift in Sources */ = {isa = PBXBuildFile; fileRef = 3D3AD8E92B27156E00AB4968 /* ScheduleNestedCollectionViewCell.swift */; };
		3D3AD8ED2B27476A00AB4968 /* UILabel.swift in Sources */ = {isa = PBXBuildFile; fileRef = 3D3AD8EC2B27476A00AB4968 /* UILabel.swift */; };
		3D3D13532B207F080035664D /* MyProfileViewController.swift in Sources */ = {isa = PBXBuildFile; fileRef = 3D3D13522B207F080035664D /* MyProfileViewController.swift */; };
		3D3D13572B2080ED0035664D /* MenuViewController.swift in Sources */ = {isa = PBXBuildFile; fileRef = 3D3D13562B2080ED0035664D /* MenuViewController.swift */; };
		3D3D13592B2086B20035664D /* MenuView.swift in Sources */ = {isa = PBXBuildFile; fileRef = 3D3D13582B2086B20035664D /* MenuView.swift */; };
		3D416B732B2B37BF00852B63 /* MySubjectsView.swift in Sources */ = {isa = PBXBuildFile; fileRef = 3D416B722B2B37BF00852B63 /* MySubjectsView.swift */; };
		3D416B752B2B57DF00852B63 /* MySubjectsCollectionViewCell.swift in Sources */ = {isa = PBXBuildFile; fileRef = 3D416B742B2B57DE00852B63 /* MySubjectsCollectionViewCell.swift */; };
		3D5A73BA2B20B3E6008E285B /* MyProfileHeadView.swift in Sources */ = {isa = PBXBuildFile; fileRef = 3D5A73B92B20B3E6008E285B /* MyProfileHeadView.swift */; };
		3D5A73BE2B20B78D008E285B /* MyProfileView.swift in Sources */ = {isa = PBXBuildFile; fileRef = 3D5A73BD2B20B78D008E285B /* MyProfileView.swift */; };
		3D5A73C42B210289008E285B /* FirebaseStorage in Frameworks */ = {isa = PBXBuildFile; productRef = 3D5A73C32B210289008E285B /* FirebaseStorage */; };
		3D5A73CA2B210439008E285B /* SDWebImage in Frameworks */ = {isa = PBXBuildFile; productRef = 3D5A73C92B210439008E285B /* SDWebImage */; };
		3D5A73CC2B222BE5008E285B /* SubjectBalanceCollectionViewCell.swift in Sources */ = {isa = PBXBuildFile; fileRef = 3D5A73CB2B222BE5008E285B /* SubjectBalanceCollectionViewCell.swift */; };
		3D5A73CE2B223DBE008E285B /* Balance.swift in Sources */ = {isa = PBXBuildFile; fileRef = 3D5A73CD2B223DBE008E285B /* Balance.swift */; };
		3D5A73D22B243EA1008E285B /* MyProfileTableViewCell.swift in Sources */ = {isa = PBXBuildFile; fileRef = 3D5A73D12B243EA1008E285B /* MyProfileTableViewCell.swift */; };
		3D5A73D42B2508BC008E285B /* UIViewController.swift in Sources */ = {isa = PBXBuildFile; fileRef = 3D5A73D32B2508BC008E285B /* UIViewController.swift */; };
		3D5A73D92B2510E4008E285B /* HomeworkViewController.swift in Sources */ = {isa = PBXBuildFile; fileRef = 3D5A73D82B2510E4008E285B /* HomeworkViewController.swift */; };
		3D5A73DB2B252467008E285B /* MySubjectsViewController.swift in Sources */ = {isa = PBXBuildFile; fileRef = 3D5A73DA2B252467008E285B /* MySubjectsViewController.swift */; };
		3D5A73DD2B252478008E285B /* ScheduleViewController.swift in Sources */ = {isa = PBXBuildFile; fileRef = 3D5A73DC2B252478008E285B /* ScheduleViewController.swift */; };
		3D5A73DF2B2526C1008E285B /* AboutUsViewController.swift in Sources */ = {isa = PBXBuildFile; fileRef = 3D5A73DE2B2526C1008E285B /* AboutUsViewController.swift */; };
		3D5A73E12B25925F008E285B /* ScheduleView.swift in Sources */ = {isa = PBXBuildFile; fileRef = 3D5A73E02B25925F008E285B /* ScheduleView.swift */; };
		3D5A73E42B264BB5008E285B /* WeekDayCollectionViewCell.swift in Sources */ = {isa = PBXBuildFile; fileRef = 3D5A73E32B264BB5008E285B /* WeekDayCollectionViewCell.swift */; };
		3D618FBC2B14AAFC005BFFFC /* GoogleService-Info.plist in Resources */ = {isa = PBXBuildFile; fileRef = 3D618FBB2B14AAFC005BFFFC /* GoogleService-Info.plist */; };
		3D618FBF2B14ABD8005BFFFC /* FirebaseAuth in Frameworks */ = {isa = PBXBuildFile; productRef = 3D618FBE2B14ABD8005BFFFC /* FirebaseAuth */; };
		3D618FC12B14ACFD005BFFFC /* AuthService.swift in Sources */ = {isa = PBXBuildFile; fileRef = 3D618FC02B14ACFD005BFFFC /* AuthService.swift */; };
		3D618FC62B14BF98005BFFFC /* SignUpViewController.swift in Sources */ = {isa = PBXBuildFile; fileRef = 3D618FC52B14BF98005BFFFC /* SignUpViewController.swift */; };
		3D618FC82B14BFAB005BFFFC /* SignUpView.swift in Sources */ = {isa = PBXBuildFile; fileRef = 3D618FC72B14BFAB005BFFFC /* SignUpView.swift */; };
		3D618FCA2B14C4E5005BFFFC /* SignUpUserRequest.swift in Sources */ = {isa = PBXBuildFile; fileRef = 3D618FC92B14C4E5005BFFFC /* SignUpUserRequest.swift */; };
		3D618FCD2B14C9D8005BFFFC /* FirebaseFirestore in Frameworks */ = {isa = PBXBuildFile; productRef = 3D618FCC2B14C9D8005BFFFC /* FirebaseFirestore */; };
		3D618FCF2B14CFC8005BFFFC /* SignInUserRequest.swift in Sources */ = {isa = PBXBuildFile; fileRef = 3D618FCE2B14CFC8005BFFFC /* SignInUserRequest.swift */; };
		3D618FD22B14D3B4005BFFFC /* ContainerViewController.swift in Sources */ = {isa = PBXBuildFile; fileRef = 3D618FD12B14D3B4005BFFFC /* ContainerViewController.swift */; };
		3D618FD72B159187005BFFFC /* MyError.swift in Sources */ = {isa = PBXBuildFile; fileRef = 3D618FD62B159187005BFFFC /* MyError.swift */; };
		3D618FD92B15EC58005BFFFC /* AlertManager.swift in Sources */ = {isa = PBXBuildFile; fileRef = 3D618FD82B15EC58005BFFFC /* AlertManager.swift */; };
		3D7E80812B20AB01009DCB34 /* MenuBackground.swift in Sources */ = {isa = PBXBuildFile; fileRef = 3D7E80802B20AB01009DCB34 /* MenuBackground.swift */; };
		3DA881442AE91A31009D5E45 /* AppDelegate.swift in Sources */ = {isa = PBXBuildFile; fileRef = 3DA881432AE91A31009D5E45 /* AppDelegate.swift */; };
		3DA881462AE91A31009D5E45 /* SceneDelegate.swift in Sources */ = {isa = PBXBuildFile; fileRef = 3DA881452AE91A31009D5E45 /* SceneDelegate.swift */; };
		3DA881482AE91A31009D5E45 /* SignInViewController.swift in Sources */ = {isa = PBXBuildFile; fileRef = 3DA881472AE91A31009D5E45 /* SignInViewController.swift */; };
		3DA8814D2AE91A32009D5E45 /* Assets.xcassets in Resources */ = {isa = PBXBuildFile; fileRef = 3DA8814C2AE91A32009D5E45 /* Assets.xcassets */; };
		3DA881502AE91A32009D5E45 /* LaunchScreen.storyboard in Resources */ = {isa = PBXBuildFile; fileRef = 3DA8814E2AE91A32009D5E45 /* LaunchScreen.storyboard */; };
		3DF912A72AF66C6A00BFCFF0 /* SignInView.swift in Sources */ = {isa = PBXBuildFile; fileRef = 3DF912A62AF66C6A00BFCFF0 /* SignInView.swift */; };
/* End PBXBuildFile section */

/* Begin PBXFileReference section */
		3D3AD8E52B27026500AB4968 /* ScheduleNestedView.swift */ = {isa = PBXFileReference; lastKnownFileType = sourcecode.swift; path = ScheduleNestedView.swift; sourceTree = "<group>"; };
		3D3AD8E72B27057600AB4968 /* Schedule.swift */ = {isa = PBXFileReference; lastKnownFileType = sourcecode.swift; path = Schedule.swift; sourceTree = "<group>"; };
		3D3AD8E92B27156E00AB4968 /* ScheduleNestedCollectionViewCell.swift */ = {isa = PBXFileReference; lastKnownFileType = sourcecode.swift; path = ScheduleNestedCollectionViewCell.swift; sourceTree = "<group>"; };
		3D3AD8EC2B27476A00AB4968 /* UILabel.swift */ = {isa = PBXFileReference; lastKnownFileType = sourcecode.swift; path = UILabel.swift; sourceTree = "<group>"; };
		3D3D13522B207F080035664D /* MyProfileViewController.swift */ = {isa = PBXFileReference; lastKnownFileType = sourcecode.swift; path = MyProfileViewController.swift; sourceTree = "<group>"; };
		3D3D13562B2080ED0035664D /* MenuViewController.swift */ = {isa = PBXFileReference; lastKnownFileType = sourcecode.swift; path = MenuViewController.swift; sourceTree = "<group>"; };
		3D3D13582B2086B20035664D /* MenuView.swift */ = {isa = PBXFileReference; lastKnownFileType = sourcecode.swift; path = MenuView.swift; sourceTree = "<group>"; };
		3D416B722B2B37BF00852B63 /* MySubjectsView.swift */ = {isa = PBXFileReference; lastKnownFileType = sourcecode.swift; path = MySubjectsView.swift; sourceTree = "<group>"; };
		3D416B742B2B57DE00852B63 /* MySubjectsCollectionViewCell.swift */ = {isa = PBXFileReference; lastKnownFileType = sourcecode.swift; path = MySubjectsCollectionViewCell.swift; sourceTree = "<group>"; };
		3D5A73B92B20B3E6008E285B /* MyProfileHeadView.swift */ = {isa = PBXFileReference; lastKnownFileType = sourcecode.swift; path = MyProfileHeadView.swift; sourceTree = "<group>"; };
		3D5A73BD2B20B78D008E285B /* MyProfileView.swift */ = {isa = PBXFileReference; fileEncoding = 4; lastKnownFileType = sourcecode.swift; path = MyProfileView.swift; sourceTree = "<group>"; };
		3D5A73BF2B210277008E285B /* FirebaseStorage.framework */ = {isa = PBXFileReference; explicitFileType = wrapper.framework; path = FirebaseStorage.framework; sourceTree = BUILT_PRODUCTS_DIR; };
		3D5A73CB2B222BE5008E285B /* SubjectBalanceCollectionViewCell.swift */ = {isa = PBXFileReference; lastKnownFileType = sourcecode.swift; path = SubjectBalanceCollectionViewCell.swift; sourceTree = "<group>"; };
		3D5A73CD2B223DBE008E285B /* Balance.swift */ = {isa = PBXFileReference; lastKnownFileType = sourcecode.swift; path = Balance.swift; sourceTree = "<group>"; };
		3D5A73D12B243EA1008E285B /* MyProfileTableViewCell.swift */ = {isa = PBXFileReference; lastKnownFileType = sourcecode.swift; path = MyProfileTableViewCell.swift; sourceTree = "<group>"; };
		3D5A73D32B2508BC008E285B /* UIViewController.swift */ = {isa = PBXFileReference; lastKnownFileType = sourcecode.swift; path = UIViewController.swift; sourceTree = "<group>"; };
		3D5A73D82B2510E4008E285B /* HomeworkViewController.swift */ = {isa = PBXFileReference; lastKnownFileType = sourcecode.swift; path = HomeworkViewController.swift; sourceTree = "<group>"; };
		3D5A73DA2B252467008E285B /* MySubjectsViewController.swift */ = {isa = PBXFileReference; lastKnownFileType = sourcecode.swift; path = MySubjectsViewController.swift; sourceTree = "<group>"; };
		3D5A73DC2B252478008E285B /* ScheduleViewController.swift */ = {isa = PBXFileReference; lastKnownFileType = sourcecode.swift; path = ScheduleViewController.swift; sourceTree = "<group>"; };
		3D5A73DE2B2526C1008E285B /* AboutUsViewController.swift */ = {isa = PBXFileReference; lastKnownFileType = sourcecode.swift; path = AboutUsViewController.swift; sourceTree = "<group>"; };
		3D5A73E02B25925F008E285B /* ScheduleView.swift */ = {isa = PBXFileReference; lastKnownFileType = sourcecode.swift; path = ScheduleView.swift; sourceTree = "<group>"; };
		3D5A73E32B264BB5008E285B /* WeekDayCollectionViewCell.swift */ = {isa = PBXFileReference; lastKnownFileType = sourcecode.swift; path = WeekDayCollectionViewCell.swift; sourceTree = "<group>"; };
		3D618FBB2B14AAFC005BFFFC /* GoogleService-Info.plist */ = {isa = PBXFileReference; fileEncoding = 4; lastKnownFileType = text.plist.xml; path = "GoogleService-Info.plist"; sourceTree = "<group>"; };
		3D618FC02B14ACFD005BFFFC /* AuthService.swift */ = {isa = PBXFileReference; lastKnownFileType = sourcecode.swift; path = AuthService.swift; sourceTree = "<group>"; };
		3D618FC52B14BF98005BFFFC /* SignUpViewController.swift */ = {isa = PBXFileReference; lastKnownFileType = sourcecode.swift; path = SignUpViewController.swift; sourceTree = "<group>"; };
		3D618FC72B14BFAB005BFFFC /* SignUpView.swift */ = {isa = PBXFileReference; lastKnownFileType = sourcecode.swift; path = SignUpView.swift; sourceTree = "<group>"; };
		3D618FC92B14C4E5005BFFFC /* SignUpUserRequest.swift */ = {isa = PBXFileReference; lastKnownFileType = sourcecode.swift; path = SignUpUserRequest.swift; sourceTree = "<group>"; };
		3D618FCE2B14CFC8005BFFFC /* SignInUserRequest.swift */ = {isa = PBXFileReference; lastKnownFileType = sourcecode.swift; path = SignInUserRequest.swift; sourceTree = "<group>"; };
		3D618FD12B14D3B4005BFFFC /* ContainerViewController.swift */ = {isa = PBXFileReference; lastKnownFileType = sourcecode.swift; path = ContainerViewController.swift; sourceTree = "<group>"; };
		3D618FD62B159187005BFFFC /* MyError.swift */ = {isa = PBXFileReference; lastKnownFileType = sourcecode.swift; path = MyError.swift; sourceTree = "<group>"; };
		3D618FD82B15EC58005BFFFC /* AlertManager.swift */ = {isa = PBXFileReference; lastKnownFileType = sourcecode.swift; path = AlertManager.swift; sourceTree = "<group>"; };
		3D7E80802B20AB01009DCB34 /* MenuBackground.swift */ = {isa = PBXFileReference; lastKnownFileType = sourcecode.swift; path = MenuBackground.swift; sourceTree = "<group>"; };
		3DA881402AE91A31009D5E45 /* Pifagor.app */ = {isa = PBXFileReference; explicitFileType = wrapper.application; includeInIndex = 0; path = Pifagor.app; sourceTree = BUILT_PRODUCTS_DIR; };
		3DA881432AE91A31009D5E45 /* AppDelegate.swift */ = {isa = PBXFileReference; lastKnownFileType = sourcecode.swift; path = AppDelegate.swift; sourceTree = "<group>"; };
		3DA881452AE91A31009D5E45 /* SceneDelegate.swift */ = {isa = PBXFileReference; lastKnownFileType = sourcecode.swift; path = SceneDelegate.swift; sourceTree = "<group>"; };
		3DA881472AE91A31009D5E45 /* SignInViewController.swift */ = {isa = PBXFileReference; lastKnownFileType = sourcecode.swift; path = SignInViewController.swift; sourceTree = "<group>"; };
		3DA8814C2AE91A32009D5E45 /* Assets.xcassets */ = {isa = PBXFileReference; lastKnownFileType = folder.assetcatalog; path = Assets.xcassets; sourceTree = "<group>"; };
		3DA8814F2AE91A32009D5E45 /* Base */ = {isa = PBXFileReference; lastKnownFileType = file.storyboard; name = Base; path = Base.lproj/LaunchScreen.storyboard; sourceTree = "<group>"; };
		3DA881512AE91A32009D5E45 /* Info.plist */ = {isa = PBXFileReference; lastKnownFileType = text.plist.xml; path = Info.plist; sourceTree = "<group>"; };
		3DF912A62AF66C6A00BFCFF0 /* SignInView.swift */ = {isa = PBXFileReference; lastKnownFileType = sourcecode.swift; path = SignInView.swift; sourceTree = "<group>"; };
/* End PBXFileReference section */

/* Begin PBXFrameworksBuildPhase section */
		3DA8813D2AE91A31009D5E45 /* Frameworks */ = {
			isa = PBXFrameworksBuildPhase;
			buildActionMask = 2147483647;
			files = (
				3D618FBF2B14ABD8005BFFFC /* FirebaseAuth in Frameworks */,
				3D5A73C42B210289008E285B /* FirebaseStorage in Frameworks */,
				3D5A73CA2B210439008E285B /* SDWebImage in Frameworks */,
				3D618FCD2B14C9D8005BFFFC /* FirebaseFirestore in Frameworks */,
			);
			runOnlyForDeploymentPostprocessing = 0;
		};
/* End PBXFrameworksBuildPhase section */

/* Begin PBXGroup section */
		3D3AD8EB2B27157700AB4968 /* ScheduleNestedCollectionViewCell */ = {
			isa = PBXGroup;
			children = (
				3D3AD8E92B27156E00AB4968 /* ScheduleNestedCollectionViewCell.swift */,
			);
			path = ScheduleNestedCollectionViewCell;
			sourceTree = "<group>";
		};
		3D416B762B2B57E800852B63 /* MySubjectsCollectionViewCell */ = {
			isa = PBXGroup;
			children = (
				3D416B742B2B57DE00852B63 /* MySubjectsCollectionViewCell.swift */,
			);
			path = MySubjectsCollectionViewCell;
			sourceTree = "<group>";
		};
		3D5A73CF2B243E5F008E285B /* CollectionViewCell */ = {
			isa = PBXGroup;
			children = (
				3D5A73CB2B222BE5008E285B /* SubjectBalanceCollectionViewCell.swift */,
			);
			path = CollectionViewCell;
			sourceTree = "<group>";
		};
		3D5A73D02B243E74008E285B /* TableViewCell */ = {
			isa = PBXGroup;
			children = (
				3D5A73D12B243EA1008E285B /* MyProfileTableViewCell.swift */,
			);
			path = TableViewCell;
			sourceTree = "<group>";
		};
		3D5A73D52B2508DA008E285B /* Extensions */ = {
			isa = PBXGroup;
			children = (
				3D5A73D32B2508BC008E285B /* UIViewController.swift */,
				3D3AD8EC2B27476A00AB4968 /* UILabel.swift */,
			);
			path = Extensions;
			sourceTree = "<group>";
		};
		3D5A73E22B264B7A008E285B /* WeekDayCollectionViewCell */ = {
			isa = PBXGroup;
			children = (
				3D5A73E32B264BB5008E285B /* WeekDayCollectionViewCell.swift */,
			);
			path = WeekDayCollectionViewCell;
			sourceTree = "<group>";
		};
		3D618FC22B14BDA6005BFFFC /* Screens */ = {
			isa = PBXGroup;
			children = (
				3D618FDF2B1E4E3B005BFFFC /* MyProfile */,
				3D618FDE2B1E4E14005BFFFC /* About us */,
				3D618FDD2B1E4E0B005BFFFC /* Homework */,
				3D618FDC2B1E4DF8005BFFFC /* MySubjects */,
				3D618FDB2B1E4DC9005BFFFC /* Schedule */,
				3D618FDA2B1E4C32005BFFFC /* Menu */,
				3D618FD02B14D39C005BFFFC /* Container */,
				3D618FC42B14BDFB005BFFFC /* SignUp */,
				3D618FC32B14BDBB005BFFFC /* SignIn */,
			);
			path = Screens;
			sourceTree = "<group>";
		};
		3D618FC32B14BDBB005BFFFC /* SignIn */ = {
			isa = PBXGroup;
			children = (
				3DA881472AE91A31009D5E45 /* SignInViewController.swift */,
				3DF912A62AF66C6A00BFCFF0 /* SignInView.swift */,
			);
			path = SignIn;
			sourceTree = "<group>";
		};
		3D618FC42B14BDFB005BFFFC /* SignUp */ = {
			isa = PBXGroup;
			children = (
				3D618FC52B14BF98005BFFFC /* SignUpViewController.swift */,
				3D618FC72B14BFAB005BFFFC /* SignUpView.swift */,
			);
			path = SignUp;
			sourceTree = "<group>";
		};
		3D618FCB2B14C9D8005BFFFC /* Frameworks */ = {
			isa = PBXGroup;
			children = (
				3D5A73BF2B210277008E285B /* FirebaseStorage.framework */,
			);
			name = Frameworks;
			sourceTree = "<group>";
		};
		3D618FD02B14D39C005BFFFC /* Container */ = {
			isa = PBXGroup;
			children = (
				3D618FD12B14D3B4005BFFFC /* ContainerViewController.swift */,
			);
			path = Container;
			sourceTree = "<group>";
		};
		3D618FDA2B1E4C32005BFFFC /* Menu */ = {
			isa = PBXGroup;
			children = (
				3D5A73D02B243E74008E285B /* TableViewCell */,
				3D3D13562B2080ED0035664D /* MenuViewController.swift */,
				3D3D13582B2086B20035664D /* MenuView.swift */,
				3D7E80802B20AB01009DCB34 /* MenuBackground.swift */,
			);
			path = Menu;
			sourceTree = "<group>";
		};
		3D618FDB2B1E4DC9005BFFFC /* Schedule */ = {
			isa = PBXGroup;
			children = (
				3D3AD8EB2B27157700AB4968 /* ScheduleNestedCollectionViewCell */,
				3D5A73E22B264B7A008E285B /* WeekDayCollectionViewCell */,
				3D5A73DC2B252478008E285B /* ScheduleViewController.swift */,
				3D5A73E02B25925F008E285B /* ScheduleView.swift */,
				3D3AD8E52B27026500AB4968 /* ScheduleNestedView.swift */,
			);
			path = Schedule;
			sourceTree = "<group>";
		};
		3D618FDC2B1E4DF8005BFFFC /* MySubjects */ = {
			isa = PBXGroup;
			children = (
				3D416B762B2B57E800852B63 /* MySubjectsCollectionViewCell */,
				3D5A73DA2B252467008E285B /* MySubjectsViewController.swift */,
				3D416B722B2B37BF00852B63 /* MySubjectsView.swift */,
			);
			path = MySubjects;
			sourceTree = "<group>";
		};
		3D618FDD2B1E4E0B005BFFFC /* Homework */ = {
			isa = PBXGroup;
			children = (
				3D5A73D82B2510E4008E285B /* HomeworkViewController.swift */,
			);
			path = Homework;
			sourceTree = "<group>";
		};
		3D618FDE2B1E4E14005BFFFC /* About us */ = {
			isa = PBXGroup;
			children = (
				3D5A73DE2B2526C1008E285B /* AboutUsViewController.swift */,
			);
			path = "About us";
			sourceTree = "<group>";
		};
		3D618FDF2B1E4E3B005BFFFC /* MyProfile */ = {
			isa = PBXGroup;
			children = (
				3D5A73CF2B243E5F008E285B /* CollectionViewCell */,
				3D3D13522B207F080035664D /* MyProfileViewController.swift */,
				3D5A73BD2B20B78D008E285B /* MyProfileView.swift */,
				3D5A73B92B20B3E6008E285B /* MyProfileHeadView.swift */,
			);
			path = MyProfile;
			sourceTree = "<group>";
		};
		3DA881372AE91A31009D5E45 = {
			isa = PBXGroup;
			children = (
				3DA881422AE91A31009D5E45 /* Pifagor */,
				3DA881412AE91A31009D5E45 /* Products */,
				3D618FCB2B14C9D8005BFFFC /* Frameworks */,
			);
			sourceTree = "<group>";
		};
		3DA881412AE91A31009D5E45 /* Products */ = {
			isa = PBXGroup;
			children = (
				3DA881402AE91A31009D5E45 /* Pifagor.app */,
			);
			name = Products;
			sourceTree = "<group>";
		};
		3DA881422AE91A31009D5E45 /* Pifagor */ = {
			isa = PBXGroup;
			children = (
				3D5A73D52B2508DA008E285B /* Extensions */,
				3D618FD62B159187005BFFFC /* MyError.swift */,
				3D618FD82B15EC58005BFFFC /* AlertManager.swift */,
				3D618FC02B14ACFD005BFFFC /* AuthService.swift */,
				3D618FC22B14BDA6005BFFFC /* Screens */,
				3DA8815B2AE9411B009D5E45 /* Core */,
				3DA8815A2AE94113009D5E45 /* Resources */,
				3DA881592AE9410B009D5E45 /* Models */,
			);
			path = Pifagor;
			sourceTree = "<group>";
		};
		3DA881592AE9410B009D5E45 /* Models */ = {
			isa = PBXGroup;
			children = (
				3D618FC92B14C4E5005BFFFC /* SignUpUserRequest.swift */,
				3D618FCE2B14CFC8005BFFFC /* SignInUserRequest.swift */,
				3D5A73CD2B223DBE008E285B /* Balance.swift */,
				3D3AD8E72B27057600AB4968 /* Schedule.swift */,
			);
			path = Models;
			sourceTree = "<group>";
		};
		3DA8815A2AE94113009D5E45 /* Resources */ = {
			isa = PBXGroup;
			children = (
				3DA881512AE91A32009D5E45 /* Info.plist */,
				3D618FBB2B14AAFC005BFFFC /* GoogleService-Info.plist */,
				3DA8814E2AE91A32009D5E45 /* LaunchScreen.storyboard */,
				3DA8814C2AE91A32009D5E45 /* Assets.xcassets */,
			);
			path = Resources;
			sourceTree = "<group>";
		};
		3DA8815B2AE9411B009D5E45 /* Core */ = {
			isa = PBXGroup;
			children = (
				3DA881452AE91A31009D5E45 /* SceneDelegate.swift */,
				3DA881432AE91A31009D5E45 /* AppDelegate.swift */,
			);
			path = Core;
			sourceTree = "<group>";
		};
/* End PBXGroup section */

/* Begin PBXNativeTarget section */
		3DA8813F2AE91A31009D5E45 /* Pifagor */ = {
			isa = PBXNativeTarget;
			buildConfigurationList = 3DA881542AE91A32009D5E45 /* Build configuration list for PBXNativeTarget "Pifagor" */;
			buildPhases = (
				3DA8813C2AE91A31009D5E45 /* Sources */,
				3DA8813D2AE91A31009D5E45 /* Frameworks */,
				3DA8813E2AE91A31009D5E45 /* Resources */,
			);
			buildRules = (
			);
			dependencies = (
			);
			name = Pifagor;
			packageProductDependencies = (
				3D618FBE2B14ABD8005BFFFC /* FirebaseAuth */,
				3D618FCC2B14C9D8005BFFFC /* FirebaseFirestore */,
				3D5A73C32B210289008E285B /* FirebaseStorage */,
				3D5A73C92B210439008E285B /* SDWebImage */,
			);
			productName = Pifagor;
			productReference = 3DA881402AE91A31009D5E45 /* Pifagor.app */;
			productType = "com.apple.product-type.application";
		};
/* End PBXNativeTarget section */

/* Begin PBXProject section */
		3DA881382AE91A31009D5E45 /* Project object */ = {
			isa = PBXProject;
			attributes = {
				BuildIndependentTargetsInParallel = 1;
				LastSwiftUpdateCheck = 1430;
				LastUpgradeCheck = 1430;
				TargetAttributes = {
					3DA8813F2AE91A31009D5E45 = {
						CreatedOnToolsVersion = 14.3.1;
					};
				};
			};
			buildConfigurationList = 3DA8813B2AE91A31009D5E45 /* Build configuration list for PBXProject "Pifagor" */;
			compatibilityVersion = "Xcode 14.0";
			developmentRegion = en;
			hasScannedForEncodings = 0;
			knownRegions = (
				en,
				Base,
			);
			mainGroup = 3DA881372AE91A31009D5E45;
			packageReferences = (
				3D618FBD2B14ABD8005BFFFC /* XCRemoteSwiftPackageReference "firebase-ios-sdk" */,
				3D5A73C82B210439008E285B /* XCRemoteSwiftPackageReference "SDWebImage" */,
			);
			productRefGroup = 3DA881412AE91A31009D5E45 /* Products */;
			projectDirPath = "";
			projectRoot = "";
			targets = (
				3DA8813F2AE91A31009D5E45 /* Pifagor */,
			);
		};
/* End PBXProject section */

/* Begin PBXResourcesBuildPhase section */
		3DA8813E2AE91A31009D5E45 /* Resources */ = {
			isa = PBXResourcesBuildPhase;
			buildActionMask = 2147483647;
			files = (
				3DA881502AE91A32009D5E45 /* LaunchScreen.storyboard in Resources */,
				3D618FBC2B14AAFC005BFFFC /* GoogleService-Info.plist in Resources */,
				3DA8814D2AE91A32009D5E45 /* Assets.xcassets in Resources */,
			);
			runOnlyForDeploymentPostprocessing = 0;
		};
/* End PBXResourcesBuildPhase section */

/* Begin PBXSourcesBuildPhase section */
		3DA8813C2AE91A31009D5E45 /* Sources */ = {
			isa = PBXSourcesBuildPhase;
			buildActionMask = 2147483647;
			files = (
				3D5A73DB2B252467008E285B /* MySubjectsViewController.swift in Sources */,
				3D3D13532B207F080035664D /* MyProfileViewController.swift in Sources */,
				3D416B732B2B37BF00852B63 /* MySubjectsView.swift in Sources */,
				3D3D13572B2080ED0035664D /* MenuViewController.swift in Sources */,
				3D5A73D92B2510E4008E285B /* HomeworkViewController.swift in Sources */,
				3D5A73BA2B20B3E6008E285B /* MyProfileHeadView.swift in Sources */,
				3D618FD72B159187005BFFFC /* MyError.swift in Sources */,
				3D3AD8ED2B27476A00AB4968 /* UILabel.swift in Sources */,
				3D5A73D22B243EA1008E285B /* MyProfileTableViewCell.swift in Sources */,
				3D618FCA2B14C4E5005BFFFC /* SignUpUserRequest.swift in Sources */,
				3D618FC62B14BF98005BFFFC /* SignUpViewController.swift in Sources */,
				3D5A73CE2B223DBE008E285B /* Balance.swift in Sources */,
				3D7E80812B20AB01009DCB34 /* MenuBackground.swift in Sources */,
				3D416B752B2B57DF00852B63 /* MySubjectsCollectionViewCell.swift in Sources */,
				3D5A73CC2B222BE5008E285B /* SubjectBalanceCollectionViewCell.swift in Sources */,
				3DA881482AE91A31009D5E45 /* SignInViewController.swift in Sources */,
				3D5A73DD2B252478008E285B /* ScheduleViewController.swift in Sources */,
				3D5A73E12B25925F008E285B /* ScheduleView.swift in Sources */,
				3D5A73DF2B2526C1008E285B /* AboutUsViewController.swift in Sources */,
				3DA881442AE91A31009D5E45 /* AppDelegate.swift in Sources */,
				3D618FC82B14BFAB005BFFFC /* SignUpView.swift in Sources */,
				3D3AD8E82B27057600AB4968 /* Schedule.swift in Sources */,
				3D5A73BE2B20B78D008E285B /* MyProfileView.swift in Sources */,
				3D5A73D42B2508BC008E285B /* UIViewController.swift in Sources */,
				3D3D13592B2086B20035664D /* MenuView.swift in Sources */,
				3D3AD8E62B27026500AB4968 /* ScheduleNestedView.swift in Sources */,
				3D618FD22B14D3B4005BFFFC /* ContainerViewController.swift in Sources */,
				3D618FC12B14ACFD005BFFFC /* AuthService.swift in Sources */,
				3D3AD8EA2B27156E00AB4968 /* ScheduleNestedCollectionViewCell.swift in Sources */,
				3D618FD92B15EC58005BFFFC /* AlertManager.swift in Sources */,
				3DF912A72AF66C6A00BFCFF0 /* SignInView.swift in Sources */,
				3DA881462AE91A31009D5E45 /* SceneDelegate.swift in Sources */,
				3D618FCF2B14CFC8005BFFFC /* SignInUserRequest.swift in Sources */,
				3D5A73E42B264BB5008E285B /* WeekDayCollectionViewCell.swift in Sources */,
			);
			runOnlyForDeploymentPostprocessing = 0;
		};
/* End PBXSourcesBuildPhase section */

/* Begin PBXVariantGroup section */
		3DA8814E2AE91A32009D5E45 /* LaunchScreen.storyboard */ = {
			isa = PBXVariantGroup;
			children = (
				3DA8814F2AE91A32009D5E45 /* Base */,
			);
			name = LaunchScreen.storyboard;
			sourceTree = "<group>";
		};
/* End PBXVariantGroup section */

/* Begin XCBuildConfiguration section */
		3DA881522AE91A32009D5E45 /* Debug */ = {
			isa = XCBuildConfiguration;
			buildSettings = {
				ALWAYS_SEARCH_USER_PATHS = NO;
				CLANG_ANALYZER_NONNULL = YES;
				CLANG_ANALYZER_NUMBER_OBJECT_CONVERSION = YES_AGGRESSIVE;
				CLANG_CXX_LANGUAGE_STANDARD = "gnu++20";
				CLANG_ENABLE_MODULES = YES;
				CLANG_ENABLE_OBJC_ARC = YES;
				CLANG_ENABLE_OBJC_WEAK = YES;
				CLANG_WARN_BLOCK_CAPTURE_AUTORELEASING = YES;
				CLANG_WARN_BOOL_CONVERSION = YES;
				CLANG_WARN_COMMA = YES;
				CLANG_WARN_CONSTANT_CONVERSION = YES;
				CLANG_WARN_DEPRECATED_OBJC_IMPLEMENTATIONS = YES;
				CLANG_WARN_DIRECT_OBJC_ISA_USAGE = YES_ERROR;
				CLANG_WARN_DOCUMENTATION_COMMENTS = YES;
				CLANG_WARN_EMPTY_BODY = YES;
				CLANG_WARN_ENUM_CONVERSION = YES;
				CLANG_WARN_INFINITE_RECURSION = YES;
				CLANG_WARN_INT_CONVERSION = YES;
				CLANG_WARN_NON_LITERAL_NULL_CONVERSION = YES;
				CLANG_WARN_OBJC_IMPLICIT_RETAIN_SELF = YES;
				CLANG_WARN_OBJC_LITERAL_CONVERSION = YES;
				CLANG_WARN_OBJC_ROOT_CLASS = YES_ERROR;
				CLANG_WARN_QUOTED_INCLUDE_IN_FRAMEWORK_HEADER = YES;
				CLANG_WARN_RANGE_LOOP_ANALYSIS = YES;
				CLANG_WARN_STRICT_PROTOTYPES = YES;
				CLANG_WARN_SUSPICIOUS_MOVE = YES;
				CLANG_WARN_UNGUARDED_AVAILABILITY = YES_AGGRESSIVE;
				CLANG_WARN_UNREACHABLE_CODE = YES;
				CLANG_WARN__DUPLICATE_METHOD_MATCH = YES;
				COPY_PHASE_STRIP = NO;
				DEBUG_INFORMATION_FORMAT = dwarf;
				ENABLE_STRICT_OBJC_MSGSEND = YES;
				ENABLE_TESTABILITY = YES;
				GCC_C_LANGUAGE_STANDARD = gnu11;
				GCC_DYNAMIC_NO_PIC = NO;
				GCC_NO_COMMON_BLOCKS = YES;
				GCC_OPTIMIZATION_LEVEL = 0;
				GCC_PREPROCESSOR_DEFINITIONS = (
					"DEBUG=1",
					"$(inherited)",
				);
				GCC_WARN_64_TO_32_BIT_CONVERSION = YES;
				GCC_WARN_ABOUT_RETURN_TYPE = YES_ERROR;
				GCC_WARN_UNDECLARED_SELECTOR = YES;
				GCC_WARN_UNINITIALIZED_AUTOS = YES_AGGRESSIVE;
				GCC_WARN_UNUSED_FUNCTION = YES;
				GCC_WARN_UNUSED_VARIABLE = YES;
				IPHONEOS_DEPLOYMENT_TARGET = 16.4;
				MTL_ENABLE_DEBUG_INFO = INCLUDE_SOURCE;
				MTL_FAST_MATH = YES;
				ONLY_ACTIVE_ARCH = YES;
				SDKROOT = iphoneos;
				SWIFT_ACTIVE_COMPILATION_CONDITIONS = DEBUG;
				SWIFT_OPTIMIZATION_LEVEL = "-Onone";
			};
			name = Debug;
		};
		3DA881532AE91A32009D5E45 /* Release */ = {
			isa = XCBuildConfiguration;
			buildSettings = {
				ALWAYS_SEARCH_USER_PATHS = NO;
				CLANG_ANALYZER_NONNULL = YES;
				CLANG_ANALYZER_NUMBER_OBJECT_CONVERSION = YES_AGGRESSIVE;
				CLANG_CXX_LANGUAGE_STANDARD = "gnu++20";
				CLANG_ENABLE_MODULES = YES;
				CLANG_ENABLE_OBJC_ARC = YES;
				CLANG_ENABLE_OBJC_WEAK = YES;
				CLANG_WARN_BLOCK_CAPTURE_AUTORELEASING = YES;
				CLANG_WARN_BOOL_CONVERSION = YES;
				CLANG_WARN_COMMA = YES;
				CLANG_WARN_CONSTANT_CONVERSION = YES;
				CLANG_WARN_DEPRECATED_OBJC_IMPLEMENTATIONS = YES;
				CLANG_WARN_DIRECT_OBJC_ISA_USAGE = YES_ERROR;
				CLANG_WARN_DOCUMENTATION_COMMENTS = YES;
				CLANG_WARN_EMPTY_BODY = YES;
				CLANG_WARN_ENUM_CONVERSION = YES;
				CLANG_WARN_INFINITE_RECURSION = YES;
				CLANG_WARN_INT_CONVERSION = YES;
				CLANG_WARN_NON_LITERAL_NULL_CONVERSION = YES;
				CLANG_WARN_OBJC_IMPLICIT_RETAIN_SELF = YES;
				CLANG_WARN_OBJC_LITERAL_CONVERSION = YES;
				CLANG_WARN_OBJC_ROOT_CLASS = YES_ERROR;
				CLANG_WARN_QUOTED_INCLUDE_IN_FRAMEWORK_HEADER = YES;
				CLANG_WARN_RANGE_LOOP_ANALYSIS = YES;
				CLANG_WARN_STRICT_PROTOTYPES = YES;
				CLANG_WARN_SUSPICIOUS_MOVE = YES;
				CLANG_WARN_UNGUARDED_AVAILABILITY = YES_AGGRESSIVE;
				CLANG_WARN_UNREACHABLE_CODE = YES;
				CLANG_WARN__DUPLICATE_METHOD_MATCH = YES;
				COPY_PHASE_STRIP = NO;
				DEBUG_INFORMATION_FORMAT = "dwarf-with-dsym";
				ENABLE_NS_ASSERTIONS = NO;
				ENABLE_STRICT_OBJC_MSGSEND = YES;
				GCC_C_LANGUAGE_STANDARD = gnu11;
				GCC_NO_COMMON_BLOCKS = YES;
				GCC_WARN_64_TO_32_BIT_CONVERSION = YES;
				GCC_WARN_ABOUT_RETURN_TYPE = YES_ERROR;
				GCC_WARN_UNDECLARED_SELECTOR = YES;
				GCC_WARN_UNINITIALIZED_AUTOS = YES_AGGRESSIVE;
				GCC_WARN_UNUSED_FUNCTION = YES;
				GCC_WARN_UNUSED_VARIABLE = YES;
				IPHONEOS_DEPLOYMENT_TARGET = 16.4;
				MTL_ENABLE_DEBUG_INFO = NO;
				MTL_FAST_MATH = YES;
				SDKROOT = iphoneos;
				SWIFT_COMPILATION_MODE = wholemodule;
				SWIFT_OPTIMIZATION_LEVEL = "-O";
				VALIDATE_PRODUCT = YES;
			};
			name = Release;
		};
		3DA881552AE91A32009D5E45 /* Debug */ = {
			isa = XCBuildConfiguration;
			buildSettings = {
				ASSETCATALOG_COMPILER_APPICON_NAME = AppIcon;
				ASSETCATALOG_COMPILER_GLOBAL_ACCENT_COLOR_NAME = AccentColor;
				CODE_SIGN_STYLE = Automatic;
				CURRENT_PROJECT_VERSION = 1;
				DEVELOPMENT_TEAM = QQXC2V882Q;
				GENERATE_INFOPLIST_FILE = YES;
				INFOPLIST_FILE = Pifagor/Resources/Info.plist;
				INFOPLIST_KEY_UIApplicationSupportsIndirectInputEvents = YES;
				INFOPLIST_KEY_UILaunchStoryboardName = LaunchScreen;
				INFOPLIST_KEY_UISupportedInterfaceOrientations_iPad = "UIInterfaceOrientationPortrait UIInterfaceOrientationPortraitUpsideDown UIInterfaceOrientationLandscapeLeft UIInterfaceOrientationLandscapeRight";
				INFOPLIST_KEY_UISupportedInterfaceOrientations_iPhone = "UIInterfaceOrientationPortrait UIInterfaceOrientationLandscapeLeft UIInterfaceOrientationLandscapeRight";
				LD_RUNPATH_SEARCH_PATHS = (
					"$(inherited)",
					"@executable_path/Frameworks",
				);
				MARKETING_VERSION = 1.0;
				PRODUCT_BUNDLE_IDENTIFIER = edxswift.Pifagor;
				PRODUCT_NAME = "$(TARGET_NAME)";
				SWIFT_EMIT_LOC_STRINGS = YES;
				SWIFT_VERSION = 5.0;
				TARGETED_DEVICE_FAMILY = "1,2";
			};
			name = Debug;
		};
		3DA881562AE91A32009D5E45 /* Release */ = {
			isa = XCBuildConfiguration;
			buildSettings = {
				ASSETCATALOG_COMPILER_APPICON_NAME = AppIcon;
				ASSETCATALOG_COMPILER_GLOBAL_ACCENT_COLOR_NAME = AccentColor;
				CODE_SIGN_STYLE = Automatic;
				CURRENT_PROJECT_VERSION = 1;
				DEVELOPMENT_TEAM = QQXC2V882Q;
				GENERATE_INFOPLIST_FILE = YES;
				INFOPLIST_FILE = Pifagor/Resources/Info.plist;
				INFOPLIST_KEY_UIApplicationSupportsIndirectInputEvents = YES;
				INFOPLIST_KEY_UILaunchStoryboardName = LaunchScreen;
				INFOPLIST_KEY_UISupportedInterfaceOrientations_iPad = "UIInterfaceOrientationPortrait UIInterfaceOrientationPortraitUpsideDown UIInterfaceOrientationLandscapeLeft UIInterfaceOrientationLandscapeRight";
				INFOPLIST_KEY_UISupportedInterfaceOrientations_iPhone = "UIInterfaceOrientationPortrait UIInterfaceOrientationLandscapeLeft UIInterfaceOrientationLandscapeRight";
				LD_RUNPATH_SEARCH_PATHS = (
					"$(inherited)",
					"@executable_path/Frameworks",
				);
				MARKETING_VERSION = 1.0;
				PRODUCT_BUNDLE_IDENTIFIER = edxswift.Pifagor;
				PRODUCT_NAME = "$(TARGET_NAME)";
				SWIFT_EMIT_LOC_STRINGS = YES;
				SWIFT_VERSION = 5.0;
				TARGETED_DEVICE_FAMILY = "1,2";
			};
			name = Release;
		};
/* End XCBuildConfiguration section */

/* Begin XCConfigurationList section */
		3DA8813B2AE91A31009D5E45 /* Build configuration list for PBXProject "Pifagor" */ = {
			isa = XCConfigurationList;
			buildConfigurations = (
				3DA881522AE91A32009D5E45 /* Debug */,
				3DA881532AE91A32009D5E45 /* Release */,
			);
			defaultConfigurationIsVisible = 0;
			defaultConfigurationName = Release;
		};
		3DA881542AE91A32009D5E45 /* Build configuration list for PBXNativeTarget "Pifagor" */ = {
			isa = XCConfigurationList;
			buildConfigurations = (
				3DA881552AE91A32009D5E45 /* Debug */,
				3DA881562AE91A32009D5E45 /* Release */,
			);
			defaultConfigurationIsVisible = 0;
			defaultConfigurationName = Release;
		};
/* End XCConfigurationList section */

/* Begin XCRemoteSwiftPackageReference section */
		3D5A73C82B210439008E285B /* XCRemoteSwiftPackageReference "SDWebImage" */ = {
			isa = XCRemoteSwiftPackageReference;
			repositoryURL = "https://github.com/SDWebImage/SDWebImage";
			requirement = {
				kind = upToNextMajorVersion;
				minimumVersion = 5.0.0;
			};
		};
		3D618FBD2B14ABD8005BFFFC /* XCRemoteSwiftPackageReference "firebase-ios-sdk" */ = {
			isa = XCRemoteSwiftPackageReference;
			repositoryURL = "https://github.com/firebase/firebase-ios-sdk";
			requirement = {
				kind = upToNextMajorVersion;
				minimumVersion = 10.0.0;
			};
		};
/* End XCRemoteSwiftPackageReference section */

/* Begin XCSwiftPackageProductDependency section */
		3D5A73C32B210289008E285B /* FirebaseStorage */ = {
			isa = XCSwiftPackageProductDependency;
			package = 3D618FBD2B14ABD8005BFFFC /* XCRemoteSwiftPackageReference "firebase-ios-sdk" */;
			productName = FirebaseStorage;
		};
		3D5A73C92B210439008E285B /* SDWebImage */ = {
			isa = XCSwiftPackageProductDependency;
			package = 3D5A73C82B210439008E285B /* XCRemoteSwiftPackageReference "SDWebImage" */;
			productName = SDWebImage;
		};
		3D618FBE2B14ABD8005BFFFC /* FirebaseAuth */ = {
			isa = XCSwiftPackageProductDependency;
			package = 3D618FBD2B14ABD8005BFFFC /* XCRemoteSwiftPackageReference "firebase-ios-sdk" */;
			productName = FirebaseAuth;
		};
		3D618FCC2B14C9D8005BFFFC /* FirebaseFirestore */ = {
			isa = XCSwiftPackageProductDependency;
			package = 3D618FBD2B14ABD8005BFFFC /* XCRemoteSwiftPackageReference "firebase-ios-sdk" */;
			productName = FirebaseFirestore;
		};
/* End XCSwiftPackageProductDependency section */
	};
	rootObject = 3DA881382AE91A31009D5E45 /* Project object */;
}
