// !$*UTF8*$!
{
	archiveVersion = 1;
	classes = {
	};
	objectVersion = 56;
	objects = {

/* Begin PBXBuildFile section */
		3D618FBC2B14AAFC005BFFFC /* GoogleService-Info.plist in Resources */ = {isa = PBXBuildFile; fileRef = 3D618FBB2B14AAFC005BFFFC /* GoogleService-Info.plist */; };
		3D618FBF2B14ABD8005BFFFC /* FirebaseAuth in Frameworks */ = {isa = PBXBuildFile; productRef = 3D618FBE2B14ABD8005BFFFC /* FirebaseAuth */; };
		3DA881442AE91A31009D5E45 /* AppDelegate.swift in Sources */ = {isa = PBXBuildFile; fileRef = 3DA881432AE91A31009D5E45 /* AppDelegate.swift */; };
		3DA881462AE91A31009D5E45 /* SceneDelegate.swift in Sources */ = {isa = PBXBuildFile; fileRef = 3DA881452AE91A31009D5E45 /* SceneDelegate.swift */; };
		3DA881482AE91A31009D5E45 /* SignInViewController.swift in Sources */ = {isa = PBXBuildFile; fileRef = 3DA881472AE91A31009D5E45 /* SignInViewController.swift */; };
		3DA8814D2AE91A32009D5E45 /* Assets.xcassets in Resources */ = {isa = PBXBuildFile; fileRef = 3DA8814C2AE91A32009D5E45 /* Assets.xcassets */; };
		3DA881502AE91A32009D5E45 /* LaunchScreen.storyboard in Resources */ = {isa = PBXBuildFile; fileRef = 3DA8814E2AE91A32009D5E45 /* LaunchScreen.storyboard */; };
		3DF912A72AF66C6A00BFCFF0 /* SignInView.swift in Sources */ = {isa = PBXBuildFile; fileRef = 3DF912A62AF66C6A00BFCFF0 /* SignInView.swift */; };
/* End PBXBuildFile section */

/* Begin PBXFileReference section */
		3D618FBB2B14AAFC005BFFFC /* GoogleService-Info.plist */ = {isa = PBXFileReference; fileEncoding = 4; lastKnownFileType = text.plist.xml; path = "GoogleService-Info.plist"; sourceTree = "<group>"; };
		3DA881402AE91A31009D5E45 /* Pifagor.app */ = {isa = PBXFileReference; explicitFileType = wrapper.application; includeInIndex = 0; path = Pifagor.app; sourceTree = BUILT_PRODUCTS_DIR; };
		3DA881432AE91A31009D5E45 /* AppDelegate.swift */ = {isa = PBXFileReference; lastKnownFileType = sourcecode.swift; path = AppDelegate.swift; sourceTree = "<group>"; };
		3DA881452AE91A31009D5E45 /* SceneDelegate.swift */ = {isa = PBXFileReference; lastKnownFileType = sourcecode.swift; path = SceneDelegate.swift; sourceTree = "<group>"; };
		3DA881472AE91A31009D5E45 /* SignInViewController.swift */ = {isa = PBXFileReference; lastKnownFileType = sourcecode.swift; path = SignInViewController.swift; sourceTree = "<group>"; };
		3DA8814C2AE91A32009D5E45 /* Assets.xcassets */ = {isa = PBXFileReference; lastKnownFileType = folder.assetcatalog; path = Assets.xcassets; sourceTree = "<group>"; };
		3DA8814F2AE91A32009D5E45 /* Base */ = {isa = PBXFileReference; lastKnownFileType = file.storyboard; name = Base; path = Base.lproj/LaunchScreen.storyboard; sourceTree = "<group>"; };
		3DA881512AE91A32009D5E45 /* Info.plist */ = {isa = PBXFileReference; lastKnownFileType = text.plist.xml; path = Info.plist; sourceTree = "<group>"; };
		3DF912A62AF66C6A00BFCFF0 /* SignInView.swift */ = {isa = PBXFileReference; lastKnownFileType = sourcecode.swift; path = SignInView.swift; sourceTree = "<group>"; };
/* End PBXFileReference section */

/* Begin PBXFrameworksBuildPhase section */
		3DA8813D2AE91A31009D5E45 /* Frameworks */ = {
			isa = PBXFrameworksBuildPhase;
			buildActionMask = 2147483647;
			files = (
				3D618FBF2B14ABD8005BFFFC /* FirebaseAuth in Frameworks */,
			);
			runOnlyForDeploymentPostprocessing = 0;
		};
/* End PBXFrameworksBuildPhase section */

/* Begin PBXGroup section */
		3DA881372AE91A31009D5E45 = {
			isa = PBXGroup;
			children = (
				3DA881422AE91A31009D5E45 /* Pifagor */,
				3DA881412AE91A31009D5E45 /* Products */,
			);
			sourceTree = "<group>";
		};
		3DA881412AE91A31009D5E45 /* Products */ = {
			isa = PBXGroup;
			children = (
				3DA881402AE91A31009D5E45 /* Pifagor.app */,
			);
			name = Products;
			sourceTree = "<group>";
		};
		3DA881422AE91A31009D5E45 /* Pifagor */ = {
			isa = PBXGroup;
			children = (
				3DA8815B2AE9411B009D5E45 /* Core */,
				3DA8815A2AE94113009D5E45 /* Resources */,
				3DA881592AE9410B009D5E45 /* Models */,
				3DA881582AE940FF009D5E45 /* Controllers */,
				3DA881572AE940D3009D5E45 /* Views */,
			);
			path = Pifagor;
			sourceTree = "<group>";
		};
		3DA881572AE940D3009D5E45 /* Views */ = {
			isa = PBXGroup;
			children = (
				3DF912A62AF66C6A00BFCFF0 /* SignInView.swift */,
			);
			path = Views;
			sourceTree = "<group>";
		};
		3DA881582AE940FF009D5E45 /* Controllers */ = {
			isa = PBXGroup;
			children = (
				3DA881472AE91A31009D5E45 /* SignInViewController.swift */,
			);
			path = Controllers;
			sourceTree = "<group>";
		};
		3DA881592AE9410B009D5E45 /* Models */ = {
			isa = PBXGroup;
			children = (
			);
			path = Models;
			sourceTree = "<group>";
		};
		3DA8815A2AE94113009D5E45 /* Resources */ = {
			isa = PBXGroup;
			children = (
				3DA881512AE91A32009D5E45 /* Info.plist */,
				3D618FBB2B14AAFC005BFFFC /* GoogleService-Info.plist */,
				3DA8814E2AE91A32009D5E45 /* LaunchScreen.storyboard */,
				3DA8814C2AE91A32009D5E45 /* Assets.xcassets */,
			);
			path = Resources;
			sourceTree = "<group>";
		};
		3DA8815B2AE9411B009D5E45 /* Core */ = {
			isa = PBXGroup;
			children = (
				3DA881452AE91A31009D5E45 /* SceneDelegate.swift */,
				3DA881432AE91A31009D5E45 /* AppDelegate.swift */,
			);
			path = Core;
			sourceTree = "<group>";
		};
/* End PBXGroup section */

/* Begin PBXNativeTarget section */
		3DA8813F2AE91A31009D5E45 /* Pifagor */ = {
			isa = PBXNativeTarget;
			buildConfigurationList = 3DA881542AE91A32009D5E45 /* Build configuration list for PBXNativeTarget "Pifagor" */;
			buildPhases = (
				3DA8813C2AE91A31009D5E45 /* Sources */,
				3DA8813D2AE91A31009D5E45 /* Frameworks */,
				3DA8813E2AE91A31009D5E45 /* Resources */,
			);
			buildRules = (
			);
			dependencies = (
			);
			name = Pifagor;
			packageProductDependencies = (
				3D618FBE2B14ABD8005BFFFC /* FirebaseAuth */,
			);
			productName = Pifagor;
			productReference = 3DA881402AE91A31009D5E45 /* Pifagor.app */;
			productType = "com.apple.product-type.application";
		};
/* End PBXNativeTarget section */

/* Begin PBXProject section */
		3DA881382AE91A31009D5E45 /* Project object */ = {
			isa = PBXProject;
			attributes = {
				BuildIndependentTargetsInParallel = 1;
				LastSwiftUpdateCheck = 1430;
				LastUpgradeCheck = 1430;
				TargetAttributes = {
					3DA8813F2AE91A31009D5E45 = {
						CreatedOnToolsVersion = 14.3.1;
					};
				};
			};
			buildConfigurationList = 3DA8813B2AE91A31009D5E45 /* Build configuration list for PBXProject "Pifagor" */;
			compatibilityVersion = "Xcode 14.0";
			developmentRegion = en;
			hasScannedForEncodings = 0;
			knownRegions = (
				en,
				Base,
			);
			mainGroup = 3DA881372AE91A31009D5E45;
			packageReferences = (
				3D618FBD2B14ABD8005BFFFC /* XCRemoteSwiftPackageReference "firebase-ios-sdk" */,
			);
			productRefGroup = 3DA881412AE91A31009D5E45 /* Products */;
			projectDirPath = "";
			projectRoot = "";
			targets = (
				3DA8813F2AE91A31009D5E45 /* Pifagor */,
			);
		};
/* End PBXProject section */

/* Begin PBXResourcesBuildPhase section */
		3DA8813E2AE91A31009D5E45 /* Resources */ = {
			isa = PBXResourcesBuildPhase;
			buildActionMask = 2147483647;
			files = (
				3DA881502AE91A32009D5E45 /* LaunchScreen.storyboard in Resources */,
				3D618FBC2B14AAFC005BFFFC /* GoogleService-Info.plist in Resources */,
				3DA8814D2AE91A32009D5E45 /* Assets.xcassets in Resources */,
			);
			runOnlyForDeploymentPostprocessing = 0;
		};
/* End PBXResourcesBuildPhase section */

/* Begin PBXSourcesBuildPhase section */
		3DA8813C2AE91A31009D5E45 /* Sources */ = {
			isa = PBXSourcesBuildPhase;
			buildActionMask = 2147483647;
			files = (
				3DA881482AE91A31009D5E45 /* SignInViewController.swift in Sources */,
				3DA881442AE91A31009D5E45 /* AppDelegate.swift in Sources */,
				3DF912A72AF66C6A00BFCFF0 /* SignInView.swift in Sources */,
				3DA881462AE91A31009D5E45 /* SceneDelegate.swift in Sources */,
			);
			runOnlyForDeploymentPostprocessing = 0;
		};
/* End PBXSourcesBuildPhase section */

/* Begin PBXVariantGroup section */
		3DA8814E2AE91A32009D5E45 /* LaunchScreen.storyboard */ = {
			isa = PBXVariantGroup;
			children = (
				3DA8814F2AE91A32009D5E45 /* Base */,
			);
			name = LaunchScreen.storyboard;
			sourceTree = "<group>";
		};
/* End PBXVariantGroup section */

/* Begin XCBuildConfiguration section */
		3DA881522AE91A32009D5E45 /* Debug */ = {
			isa = XCBuildConfiguration;
			buildSettings = {
				ALWAYS_SEARCH_USER_PATHS = NO;
				CLANG_ANALYZER_NONNULL = YES;
				CLANG_ANALYZER_NUMBER_OBJECT_CONVERSION = YES_AGGRESSIVE;
				CLANG_CXX_LANGUAGE_STANDARD = "gnu++20";
				CLANG_ENABLE_MODULES = YES;
				CLANG_ENABLE_OBJC_ARC = YES;
				CLANG_ENABLE_OBJC_WEAK = YES;
				CLANG_WARN_BLOCK_CAPTURE_AUTORELEASING = YES;
				CLANG_WARN_BOOL_CONVERSION = YES;
				CLANG_WARN_COMMA = YES;
				CLANG_WARN_CONSTANT_CONVERSION = YES;
				CLANG_WARN_DEPRECATED_OBJC_IMPLEMENTATIONS = YES;
				CLANG_WARN_DIRECT_OBJC_ISA_USAGE = YES_ERROR;
				CLANG_WARN_DOCUMENTATION_COMMENTS = YES;
				CLANG_WARN_EMPTY_BODY = YES;
				CLANG_WARN_ENUM_CONVERSION = YES;
				CLANG_WARN_INFINITE_RECURSION = YES;
				CLANG_WARN_INT_CONVERSION = YES;
				CLANG_WARN_NON_LITERAL_NULL_CONVERSION = YES;
				CLANG_WARN_OBJC_IMPLICIT_RETAIN_SELF = YES;
				CLANG_WARN_OBJC_LITERAL_CONVERSION = YES;
				CLANG_WARN_OBJC_ROOT_CLASS = YES_ERROR;
				CLANG_WARN_QUOTED_INCLUDE_IN_FRAMEWORK_HEADER = YES;
				CLANG_WARN_RANGE_LOOP_ANALYSIS = YES;
				CLANG_WARN_STRICT_PROTOTYPES = YES;
				CLANG_WARN_SUSPICIOUS_MOVE = YES;
				CLANG_WARN_UNGUARDED_AVAILABILITY = YES_AGGRESSIVE;
				CLANG_WARN_UNREACHABLE_CODE = YES;
				CLANG_WARN__DUPLICATE_METHOD_MATCH = YES;
				COPY_PHASE_STRIP = NO;
				DEBUG_INFORMATION_FORMAT = dwarf;
				ENABLE_STRICT_OBJC_MSGSEND = YES;
				ENABLE_TESTABILITY = YES;
				GCC_C_LANGUAGE_STANDARD = gnu11;
				GCC_DYNAMIC_NO_PIC = NO;
				GCC_NO_COMMON_BLOCKS = YES;
				GCC_OPTIMIZATION_LEVEL = 0;
				GCC_PREPROCESSOR_DEFINITIONS = (
					"DEBUG=1",
					"$(inherited)",
				);
				GCC_WARN_64_TO_32_BIT_CONVERSION = YES;
				GCC_WARN_ABOUT_RETURN_TYPE = YES_ERROR;
				GCC_WARN_UNDECLARED_SELECTOR = YES;
				GCC_WARN_UNINITIALIZED_AUTOS = YES_AGGRESSIVE;
				GCC_WARN_UNUSED_FUNCTION = YES;
				GCC_WARN_UNUSED_VARIABLE = YES;
				IPHONEOS_DEPLOYMENT_TARGET = 16.4;
				MTL_ENABLE_DEBUG_INFO = INCLUDE_SOURCE;
				MTL_FAST_MATH = YES;
				ONLY_ACTIVE_ARCH = YES;
				SDKROOT = iphoneos;
				SWIFT_ACTIVE_COMPILATION_CONDITIONS = DEBUG;
				SWIFT_OPTIMIZATION_LEVEL = "-Onone";
			};
			name = Debug;
		};
		3DA881532AE91A32009D5E45 /* Release */ = {
			isa = XCBuildConfiguration;
			buildSettings = {
				ALWAYS_SEARCH_USER_PATHS = NO;
				CLANG_ANALYZER_NONNULL = YES;
				CLANG_ANALYZER_NUMBER_OBJECT_CONVERSION = YES_AGGRESSIVE;
				CLANG_CXX_LANGUAGE_STANDARD = "gnu++20";
				CLANG_ENABLE_MODULES = YES;
				CLANG_ENABLE_OBJC_ARC = YES;
				CLANG_ENABLE_OBJC_WEAK = YES;
				CLANG_WARN_BLOCK_CAPTURE_AUTORELEASING = YES;
				CLANG_WARN_BOOL_CONVERSION = YES;
				CLANG_WARN_COMMA = YES;
				CLANG_WARN_CONSTANT_CONVERSION = YES;
				CLANG_WARN_DEPRECATED_OBJC_IMPLEMENTATIONS = YES;
				CLANG_WARN_DIRECT_OBJC_ISA_USAGE = YES_ERROR;
				CLANG_WARN_DOCUMENTATION_COMMENTS = YES;
				CLANG_WARN_EMPTY_BODY = YES;
				CLANG_WARN_ENUM_CONVERSION = YES;
				CLANG_WARN_INFINITE_RECURSION = YES;
				CLANG_WARN_INT_CONVERSION = YES;
				CLANG_WARN_NON_LITERAL_NULL_CONVERSION = YES;
				CLANG_WARN_OBJC_IMPLICIT_RETAIN_SELF = YES;
				CLANG_WARN_OBJC_LITERAL_CONVERSION = YES;
				CLANG_WARN_OBJC_ROOT_CLASS = YES_ERROR;
				CLANG_WARN_QUOTED_INCLUDE_IN_FRAMEWORK_HEADER = YES;
				CLANG_WARN_RANGE_LOOP_ANALYSIS = YES;
				CLANG_WARN_STRICT_PROTOTYPES = YES;
				CLANG_WARN_SUSPICIOUS_MOVE = YES;
				CLANG_WARN_UNGUARDED_AVAILABILITY = YES_AGGRESSIVE;
				CLANG_WARN_UNREACHABLE_CODE = YES;
				CLANG_WARN__DUPLICATE_METHOD_MATCH = YES;
				COPY_PHASE_STRIP = NO;
				DEBUG_INFORMATION_FORMAT = "dwarf-with-dsym";
				ENABLE_NS_ASSERTIONS = NO;
				ENABLE_STRICT_OBJC_MSGSEND = YES;
				GCC_C_LANGUAGE_STANDARD = gnu11;
				GCC_NO_COMMON_BLOCKS = YES;
				GCC_WARN_64_TO_32_BIT_CONVERSION = YES;
				GCC_WARN_ABOUT_RETURN_TYPE = YES_ERROR;
				GCC_WARN_UNDECLARED_SELECTOR = YES;
				GCC_WARN_UNINITIALIZED_AUTOS = YES_AGGRESSIVE;
				GCC_WARN_UNUSED_FUNCTION = YES;
				GCC_WARN_UNUSED_VARIABLE = YES;
				IPHONEOS_DEPLOYMENT_TARGET = 16.4;
				MTL_ENABLE_DEBUG_INFO = NO;
				MTL_FAST_MATH = YES;
				SDKROOT = iphoneos;
				SWIFT_COMPILATION_MODE = wholemodule;
				SWIFT_OPTIMIZATION_LEVEL = "-O";
				VALIDATE_PRODUCT = YES;
			};
			name = Release;
		};
		3DA881552AE91A32009D5E45 /* Debug */ = {
			isa = XCBuildConfiguration;
			buildSettings = {
				ASSETCATALOG_COMPILER_APPICON_NAME = AppIcon;
				ASSETCATALOG_COMPILER_GLOBAL_ACCENT_COLOR_NAME = AccentColor;
				CODE_SIGN_STYLE = Automatic;
				CURRENT_PROJECT_VERSION = 1;
				DEVELOPMENT_TEAM = QQXC2V882Q;
				GENERATE_INFOPLIST_FILE = YES;
				INFOPLIST_FILE = Pifagor/Resources/Info.plist;
				INFOPLIST_KEY_UIApplicationSupportsIndirectInputEvents = YES;
				INFOPLIST_KEY_UILaunchStoryboardName = LaunchScreen;
				INFOPLIST_KEY_UISupportedInterfaceOrientations_iPad = "UIInterfaceOrientationPortrait UIInterfaceOrientationPortraitUpsideDown UIInterfaceOrientationLandscapeLeft UIInterfaceOrientationLandscapeRight";
				INFOPLIST_KEY_UISupportedInterfaceOrientations_iPhone = "UIInterfaceOrientationPortrait UIInterfaceOrientationLandscapeLeft UIInterfaceOrientationLandscapeRight";
				LD_RUNPATH_SEARCH_PATHS = (
					"$(inherited)",
					"@executable_path/Frameworks",
				);
				MARKETING_VERSION = 1.0;
				PRODUCT_BUNDLE_IDENTIFIER = edxswift.Pifagor;
				PRODUCT_NAME = "$(TARGET_NAME)";
				SWIFT_EMIT_LOC_STRINGS = YES;
				SWIFT_VERSION = 5.0;
				TARGETED_DEVICE_FAMILY = "1,2";
			};
			name = Debug;
		};
		3DA881562AE91A32009D5E45 /* Release */ = {
			isa = XCBuildConfiguration;
			buildSettings = {
				ASSETCATALOG_COMPILER_APPICON_NAME = AppIcon;
				ASSETCATALOG_COMPILER_GLOBAL_ACCENT_COLOR_NAME = AccentColor;
				CODE_SIGN_STYLE = Automatic;
				CURRENT_PROJECT_VERSION = 1;
				DEVELOPMENT_TEAM = QQXC2V882Q;
				GENERATE_INFOPLIST_FILE = YES;
				INFOPLIST_FILE = Pifagor/Resources/Info.plist;
				INFOPLIST_KEY_UIApplicationSupportsIndirectInputEvents = YES;
				INFOPLIST_KEY_UILaunchStoryboardName = LaunchScreen;
				INFOPLIST_KEY_UISupportedInterfaceOrientations_iPad = "UIInterfaceOrientationPortrait UIInterfaceOrientationPortraitUpsideDown UIInterfaceOrientationLandscapeLeft UIInterfaceOrientationLandscapeRight";
				INFOPLIST_KEY_UISupportedInterfaceOrientations_iPhone = "UIInterfaceOrientationPortrait UIInterfaceOrientationLandscapeLeft UIInterfaceOrientationLandscapeRight";
				LD_RUNPATH_SEARCH_PATHS = (
					"$(inherited)",
					"@executable_path/Frameworks",
				);
				MARKETING_VERSION = 1.0;
				PRODUCT_BUNDLE_IDENTIFIER = edxswift.Pifagor;
				PRODUCT_NAME = "$(TARGET_NAME)";
				SWIFT_EMIT_LOC_STRINGS = YES;
				SWIFT_VERSION = 5.0;
				TARGETED_DEVICE_FAMILY = "1,2";
			};
			name = Release;
		};
/* End XCBuildConfiguration section */

/* Begin XCConfigurationList section */
		3DA8813B2AE91A31009D5E45 /* Build configuration list for PBXProject "Pifagor" */ = {
			isa = XCConfigurationList;
			buildConfigurations = (
				3DA881522AE91A32009D5E45 /* Debug */,
				3DA881532AE91A32009D5E45 /* Release */,
			);
			defaultConfigurationIsVisible = 0;
			defaultConfigurationName = Release;
		};
		3DA881542AE91A32009D5E45 /* Build configuration list for PBXNativeTarget "Pifagor" */ = {
			isa = XCConfigurationList;
			buildConfigurations = (
				3DA881552AE91A32009D5E45 /* Debug */,
				3DA881562AE91A32009D5E45 /* Release */,
			);
			defaultConfigurationIsVisible = 0;
			defaultConfigurationName = Release;
		};
/* End XCConfigurationList section */

/* Begin XCRemoteSwiftPackageReference section */
		3D618FBD2B14ABD8005BFFFC /* XCRemoteSwiftPackageReference "firebase-ios-sdk" */ = {
			isa = XCRemoteSwiftPackageReference;
			repositoryURL = "https://github.com/firebase/firebase-ios-sdk";
			requirement = {
				kind = upToNextMajorVersion;
				minimumVersion = 10.0.0;
			};
		};
/* End XCRemoteSwiftPackageReference section */

/* Begin XCSwiftPackageProductDependency section */
		3D618FBE2B14ABD8005BFFFC /* FirebaseAuth */ = {
			isa = XCSwiftPackageProductDependency;
			package = 3D618FBD2B14ABD8005BFFFC /* XCRemoteSwiftPackageReference "firebase-ios-sdk" */;
			productName = FirebaseAuth;
		};
/* End XCSwiftPackageProductDependency section */
	};
	rootObject = 3DA881382AE91A31009D5E45 /* Project object */;
}
